// !$*UTF8*$!
{
	archiveVersion = 1;
	classes = {
	};
	objectVersion = 56;
	objects = {

/* Begin PBXBuildFile section */
		1047F73129F9897D00B46708 /* DogeExplorerAppUnitTests.swift in Sources */ = {isa = PBXBuildFile; fileRef = 1047F73029F9897D00B46708 /* DogeExplorerAppUnitTests.swift */; };
		1047F75F29FAD85500B46708 /* MainViewProtocol.swift in Sources */ = {isa = PBXBuildFile; fileRef = 1047F75D29FAD85500B46708 /* MainViewProtocol.swift */; };
		1047F76029FAD85500B46708 /* MainPresenterProtocol.swift in Sources */ = {isa = PBXBuildFile; fileRef = 1047F75E29FAD85500B46708 /* MainPresenterProtocol.swift */; };
		1047F76829FAD99700B46708 /* AddressInfoPresenterProtocol.swift in Sources */ = {isa = PBXBuildFile; fileRef = 1047F76729FAD99700B46708 /* AddressInfoPresenterProtocol.swift */; };
		1047F76A29FADA4E00B46708 /* AddressInfoViewProtocol.swift in Sources */ = {isa = PBXBuildFile; fileRef = 1047F76929FADA4E00B46708 /* AddressInfoViewProtocol.swift */; };
		10529EDC29E87CC600E73212 /* AppDelegate.swift in Sources */ = {isa = PBXBuildFile; fileRef = 10529EDB29E87CC600E73212 /* AppDelegate.swift */; };
		10529EDE29E87CC600E73212 /* SceneDelegate.swift in Sources */ = {isa = PBXBuildFile; fileRef = 10529EDD29E87CC600E73212 /* SceneDelegate.swift */; };
		10529EE529E87CC700E73212 /* Assets.xcassets in Resources */ = {isa = PBXBuildFile; fileRef = 10529EE429E87CC700E73212 /* Assets.xcassets */; };
		10529EE829E87CC700E73212 /* LaunchScreen.storyboard in Resources */ = {isa = PBXBuildFile; fileRef = 10529EE629E87CC700E73212 /* LaunchScreen.storyboard */; };
		107C7CB42A13D04B004DFB06 /* DogeSansVF.ttf in Resources */ = {isa = PBXBuildFile; fileRef = 107C7CB32A13D04B004DFB06 /* DogeSansVF.ttf */; };
		107C7CB62A13D066004DFB06 /* UIFont+DogeSans.swift in Sources */ = {isa = PBXBuildFile; fileRef = 107C7CB52A13D066004DFB06 /* UIFont+DogeSans.swift */; };
		107C7CB82A13D5BB004DFB06 /* TrackedAddressCell.swift in Sources */ = {isa = PBXBuildFile; fileRef = 107C7CB72A13D5BB004DFB06 /* TrackedAddressCell.swift */; };
		107C7CE42A13F81A004DFB06 /* TrackingStateButton.swift in Sources */ = {isa = PBXBuildFile; fileRef = 107C7CE32A13F81A004DFB06 /* TrackingStateButton.swift */; };
		108CA9F629F5CB86003582B6 /* TransactionCell.swift in Sources */ = {isa = PBXBuildFile; fileRef = 108CA9F529F5CB86003582B6 /* TransactionCell.swift */; };
		108CA9FC29F6B92B003582B6 /* AddressBaseInfoView.swift in Sources */ = {isa = PBXBuildFile; fileRef = 108CA9FB29F6B92B003582B6 /* AddressBaseInfoView.swift */; };
		109CD0A929FAED8A005B7CC7 /* CoreDataManagerUnitTests.swift in Sources */ = {isa = PBXBuildFile; fileRef = 109CD0A829FAED8A005B7CC7 /* CoreDataManagerUnitTests.swift */; };
		10A42D5A29E9B18C00BE04B9 /* MainPresenter.swift in Sources */ = {isa = PBXBuildFile; fileRef = 10A42D5929E9B18C00BE04B9 /* MainPresenter.swift */; };
		10A42D5C29E9B19F00BE04B9 /* MainViewController.swift in Sources */ = {isa = PBXBuildFile; fileRef = 10A42D5B29E9B19F00BE04B9 /* MainViewController.swift */; };
		10A42D6529E9B2D400BE04B9 /* AddressInfoPresenter.swift in Sources */ = {isa = PBXBuildFile; fileRef = 10A42D6429E9B2D400BE04B9 /* AddressInfoPresenter.swift */; };
		10A42D6729E9B2E800BE04B9 /* AddressInfoViewController.swift in Sources */ = {isa = PBXBuildFile; fileRef = 10A42D6629E9B2E800BE04B9 /* AddressInfoViewController.swift */; };
		10A42D6929E9B76700BE04B9 /* R.swift in Sources */ = {isa = PBXBuildFile; fileRef = 10A42D6829E9B76700BE04B9 /* R.swift */; };
		10A42D6C29E9B9E400BE04B9 /* ModuleBuilder.swift in Sources */ = {isa = PBXBuildFile; fileRef = 10A42D6B29E9B9E400BE04B9 /* ModuleBuilder.swift */; };
		10A42D7229EB1D5300BE04B9 /* String+Formatting.swift in Sources */ = {isa = PBXBuildFile; fileRef = 10A42D7129EB1D5300BE04B9 /* String+Formatting.swift */; };
		10A42D7829EB532A00BE04B9 /* NetworkManager.swift in Sources */ = {isa = PBXBuildFile; fileRef = 10A42D7729EB532A00BE04B9 /* NetworkManager.swift */; };
		10BA60EC29EC63E5005FCE80 /* InternetConnectionObserver.swift in Sources */ = {isa = PBXBuildFile; fileRef = 10BA60EB29EC63E5005FCE80 /* InternetConnectionObserver.swift */; };
		10BA60EE29EDF98E005FCE80 /* Int+UnixTime.swift in Sources */ = {isa = PBXBuildFile; fileRef = 10BA60ED29EDF98E005FCE80 /* Int+UnixTime.swift */; };
		10BAD4122A14280700D4BAAF /* UIStackView+Separators.swift in Sources */ = {isa = PBXBuildFile; fileRef = 10BAD4112A14280700D4BAAF /* UIStackView+Separators.swift */; };
		10CF63072A155F91003C124E /* ScrollableStackView.swift in Sources */ = {isa = PBXBuildFile; fileRef = 10CF63062A155F91003C124E /* ScrollableStackView.swift */; };
		10CF630B2A156A67003C124E /* SelfSizedTableView.swift in Sources */ = {isa = PBXBuildFile; fileRef = 10CF630A2A156A67003C124E /* SelfSizedTableView.swift */; };
		10CF630D2A163C24003C124E /* TitleView.swift in Sources */ = {isa = PBXBuildFile; fileRef = 10CF630C2A163C24003C124E /* TitleView.swift */; };
		10CF630F2A16415E003C124E /* UIColor+RGB.swift in Sources */ = {isa = PBXBuildFile; fileRef = 10CF630E2A16415E003C124E /* UIColor+RGB.swift */; };
		10CF63112A166BCA003C124E /* NoTrackedAddressesView.swift in Sources */ = {isa = PBXBuildFile; fileRef = 10CF63102A166BCA003C124E /* NoTrackedAddressesView.swift */; };
		10CF63162A17F97F003C124E /* LoaderSearchBar.swift in Sources */ = {isa = PBXBuildFile; fileRef = 10CF63152A17F97F003C124E /* LoaderSearchBar.swift */; };
		10ED20AD29F1DFFD008302EA /* LoadTransactionsButton.swift in Sources */ = {isa = PBXBuildFile; fileRef = 10ED20AC29F1DFFD008302EA /* LoadTransactionsButton.swift */; };
		10ED211329F33270008302EA /* BalanceModel.swift in Sources */ = {isa = PBXBuildFile; fileRef = 10ED211229F33270008302EA /* BalanceModel.swift */; };
		10ED211729F332B3008302EA /* TransactionsCountModel.swift in Sources */ = {isa = PBXBuildFile; fileRef = 10ED211629F332B3008302EA /* TransactionsCountModel.swift */; };
		10ED211929F332C1008302EA /* TransactionsPageModel.swift in Sources */ = {isa = PBXBuildFile; fileRef = 10ED211829F332C1008302EA /* TransactionsPageModel.swift */; };
		10ED211B29F332D5008302EA /* DetailedTransactionInfoModel.swift in Sources */ = {isa = PBXBuildFile; fileRef = 10ED211A29F332D5008302EA /* DetailedTransactionInfoModel.swift */; };
		10ED216529F40A15008302EA /* AddressesTrackingDataModel.xcdatamodeld in Sources */ = {isa = PBXBuildFile; fileRef = 10ED216329F40A15008302EA /* AddressesTrackingDataModel.xcdatamodeld */; };
		10ED216829F40A64008302EA /* TrackedAddressEntity+CoreDataClass.swift in Sources */ = {isa = PBXBuildFile; fileRef = 10ED216629F40A64008302EA /* TrackedAddressEntity+CoreDataClass.swift */; };
		10ED216C29F40AFF008302EA /* CoreDataManager.swift in Sources */ = {isa = PBXBuildFile; fileRef = 10ED216B29F40AFF008302EA /* CoreDataManager.swift */; };
/* End PBXBuildFile section */

/* Begin PBXContainerItemProxy section */
		1047F73229F9897D00B46708 /* PBXContainerItemProxy */ = {
			isa = PBXContainerItemProxy;
			containerPortal = 10529ED029E87CC600E73212 /* Project object */;
			proxyType = 1;
			remoteGlobalIDString = 10529ED729E87CC600E73212;
			remoteInfo = DogeExplorerApp_iOS;
		};
		1047F74129F9899300B46708 /* PBXContainerItemProxy */ = {
			isa = PBXContainerItemProxy;
			containerPortal = 10529ED029E87CC600E73212 /* Project object */;
			proxyType = 1;
			remoteGlobalIDString = 10529ED729E87CC600E73212;
			remoteInfo = DogeExplorerApp_iOS;
		};
/* End PBXContainerItemProxy section */

/* Begin PBXFileReference section */
		1047F72E29F9897D00B46708 /* DogeExplorerAppUnitTests.xctest */ = {isa = PBXFileReference; explicitFileType = wrapper.cfbundle; includeInIndex = 0; path = DogeExplorerAppUnitTests.xctest; sourceTree = BUILT_PRODUCTS_DIR; };
		1047F73029F9897D00B46708 /* DogeExplorerAppUnitTests.swift */ = {isa = PBXFileReference; lastKnownFileType = sourcecode.swift; path = DogeExplorerAppUnitTests.swift; sourceTree = "<group>"; };
		1047F73B29F9899300B46708 /* DogeExplorerAppUITests.xctest */ = {isa = PBXFileReference; explicitFileType = wrapper.cfbundle; includeInIndex = 0; path = DogeExplorerAppUITests.xctest; sourceTree = BUILT_PRODUCTS_DIR; };
		1047F75D29FAD85500B46708 /* MainViewProtocol.swift */ = {isa = PBXFileReference; fileEncoding = 4; lastKnownFileType = sourcecode.swift; path = MainViewProtocol.swift; sourceTree = "<group>"; };
		1047F75E29FAD85500B46708 /* MainPresenterProtocol.swift */ = {isa = PBXFileReference; fileEncoding = 4; lastKnownFileType = sourcecode.swift; path = MainPresenterProtocol.swift; sourceTree = "<group>"; };
		1047F76729FAD99700B46708 /* AddressInfoPresenterProtocol.swift */ = {isa = PBXFileReference; lastKnownFileType = sourcecode.swift; path = AddressInfoPresenterProtocol.swift; sourceTree = "<group>"; };
		1047F76929FADA4E00B46708 /* AddressInfoViewProtocol.swift */ = {isa = PBXFileReference; lastKnownFileType = sourcecode.swift; path = AddressInfoViewProtocol.swift; sourceTree = "<group>"; };
		10529ED829E87CC600E73212 /* DogeExplorerApp_iOS.app */ = {isa = PBXFileReference; explicitFileType = wrapper.application; includeInIndex = 0; path = DogeExplorerApp_iOS.app; sourceTree = BUILT_PRODUCTS_DIR; };
		10529EDB29E87CC600E73212 /* AppDelegate.swift */ = {isa = PBXFileReference; lastKnownFileType = sourcecode.swift; path = AppDelegate.swift; sourceTree = "<group>"; };
		10529EDD29E87CC600E73212 /* SceneDelegate.swift */ = {isa = PBXFileReference; lastKnownFileType = sourcecode.swift; path = SceneDelegate.swift; sourceTree = "<group>"; };
		10529EE429E87CC700E73212 /* Assets.xcassets */ = {isa = PBXFileReference; lastKnownFileType = folder.assetcatalog; path = Assets.xcassets; sourceTree = "<group>"; };
		10529EE729E87CC700E73212 /* Base */ = {isa = PBXFileReference; lastKnownFileType = file.storyboard; name = Base; path = Base.lproj/LaunchScreen.storyboard; sourceTree = "<group>"; };
		10529EE929E87CC700E73212 /* Info.plist */ = {isa = PBXFileReference; lastKnownFileType = text.plist.xml; path = Info.plist; sourceTree = "<group>"; };
		107C7CB32A13D04B004DFB06 /* DogeSansVF.ttf */ = {isa = PBXFileReference; lastKnownFileType = file; path = DogeSansVF.ttf; sourceTree = "<group>"; };
		107C7CB52A13D066004DFB06 /* UIFont+DogeSans.swift */ = {isa = PBXFileReference; lastKnownFileType = sourcecode.swift; path = "UIFont+DogeSans.swift"; sourceTree = "<group>"; };
		107C7CB72A13D5BB004DFB06 /* TrackedAddressCell.swift */ = {isa = PBXFileReference; lastKnownFileType = sourcecode.swift; path = TrackedAddressCell.swift; sourceTree = "<group>"; };
		107C7CE32A13F81A004DFB06 /* TrackingStateButton.swift */ = {isa = PBXFileReference; lastKnownFileType = sourcecode.swift; path = TrackingStateButton.swift; sourceTree = "<group>"; };
		108CA9F529F5CB86003582B6 /* TransactionCell.swift */ = {isa = PBXFileReference; lastKnownFileType = sourcecode.swift; path = TransactionCell.swift; sourceTree = "<group>"; };
		108CA9FB29F6B92B003582B6 /* AddressBaseInfoView.swift */ = {isa = PBXFileReference; lastKnownFileType = sourcecode.swift; path = AddressBaseInfoView.swift; sourceTree = "<group>"; };
		109CD0A829FAED8A005B7CC7 /* CoreDataManagerUnitTests.swift */ = {isa = PBXFileReference; lastKnownFileType = sourcecode.swift; path = CoreDataManagerUnitTests.swift; sourceTree = "<group>"; };
		10A42D5929E9B18C00BE04B9 /* MainPresenter.swift */ = {isa = PBXFileReference; lastKnownFileType = sourcecode.swift; path = MainPresenter.swift; sourceTree = "<group>"; };
		10A42D5B29E9B19F00BE04B9 /* MainViewController.swift */ = {isa = PBXFileReference; lastKnownFileType = sourcecode.swift; path = MainViewController.swift; sourceTree = "<group>"; };
		10A42D6429E9B2D400BE04B9 /* AddressInfoPresenter.swift */ = {isa = PBXFileReference; lastKnownFileType = sourcecode.swift; path = AddressInfoPresenter.swift; sourceTree = "<group>"; };
		10A42D6629E9B2E800BE04B9 /* AddressInfoViewController.swift */ = {isa = PBXFileReference; lastKnownFileType = sourcecode.swift; path = AddressInfoViewController.swift; sourceTree = "<group>"; };
		10A42D6829E9B76700BE04B9 /* R.swift */ = {isa = PBXFileReference; lastKnownFileType = sourcecode.swift; path = R.swift; sourceTree = "<group>"; };
		10A42D6B29E9B9E400BE04B9 /* ModuleBuilder.swift */ = {isa = PBXFileReference; lastKnownFileType = sourcecode.swift; path = ModuleBuilder.swift; sourceTree = "<group>"; };
		10A42D7129EB1D5300BE04B9 /* String+Formatting.swift */ = {isa = PBXFileReference; lastKnownFileType = sourcecode.swift; path = "String+Formatting.swift"; sourceTree = "<group>"; };
		10A42D7729EB532A00BE04B9 /* NetworkManager.swift */ = {isa = PBXFileReference; lastKnownFileType = sourcecode.swift; path = NetworkManager.swift; sourceTree = "<group>"; };
		10BA60EB29EC63E5005FCE80 /* InternetConnectionObserver.swift */ = {isa = PBXFileReference; lastKnownFileType = sourcecode.swift; path = InternetConnectionObserver.swift; sourceTree = "<group>"; };
		10BA60ED29EDF98E005FCE80 /* Int+UnixTime.swift */ = {isa = PBXFileReference; lastKnownFileType = sourcecode.swift; path = "Int+UnixTime.swift"; sourceTree = "<group>"; };
		10BAD4112A14280700D4BAAF /* UIStackView+Separators.swift */ = {isa = PBXFileReference; lastKnownFileType = sourcecode.swift; path = "UIStackView+Separators.swift"; sourceTree = "<group>"; };
		10CF63062A155F91003C124E /* ScrollableStackView.swift */ = {isa = PBXFileReference; fileEncoding = 4; lastKnownFileType = sourcecode.swift; path = ScrollableStackView.swift; sourceTree = "<group>"; };
		10CF630A2A156A67003C124E /* SelfSizedTableView.swift */ = {isa = PBXFileReference; lastKnownFileType = sourcecode.swift; path = SelfSizedTableView.swift; sourceTree = "<group>"; };
		10CF630C2A163C24003C124E /* TitleView.swift */ = {isa = PBXFileReference; lastKnownFileType = sourcecode.swift; path = TitleView.swift; sourceTree = "<group>"; };
		10CF630E2A16415E003C124E /* UIColor+RGB.swift */ = {isa = PBXFileReference; lastKnownFileType = sourcecode.swift; path = "UIColor+RGB.swift"; sourceTree = "<group>"; };
		10CF63102A166BCA003C124E /* NoTrackedAddressesView.swift */ = {isa = PBXFileReference; lastKnownFileType = sourcecode.swift; path = NoTrackedAddressesView.swift; sourceTree = "<group>"; };
		10CF63152A17F97F003C124E /* LoaderSearchBar.swift */ = {isa = PBXFileReference; lastKnownFileType = sourcecode.swift; path = LoaderSearchBar.swift; sourceTree = "<group>"; };
		10ED20AC29F1DFFD008302EA /* LoadTransactionsButton.swift */ = {isa = PBXFileReference; lastKnownFileType = sourcecode.swift; path = LoadTransactionsButton.swift; sourceTree = "<group>"; };
		10ED211229F33270008302EA /* BalanceModel.swift */ = {isa = PBXFileReference; lastKnownFileType = sourcecode.swift; path = BalanceModel.swift; sourceTree = "<group>"; };
		10ED211629F332B3008302EA /* TransactionsCountModel.swift */ = {isa = PBXFileReference; lastKnownFileType = sourcecode.swift; path = TransactionsCountModel.swift; sourceTree = "<group>"; };
		10ED211829F332C1008302EA /* TransactionsPageModel.swift */ = {isa = PBXFileReference; lastKnownFileType = sourcecode.swift; path = TransactionsPageModel.swift; sourceTree = "<group>"; };
		10ED211A29F332D5008302EA /* DetailedTransactionInfoModel.swift */ = {isa = PBXFileReference; lastKnownFileType = sourcecode.swift; path = DetailedTransactionInfoModel.swift; sourceTree = "<group>"; };
		10ED216429F40A15008302EA /* AddressesTrackingDataModel.xcdatamodel */ = {isa = PBXFileReference; lastKnownFileType = wrapper.xcdatamodel; path = AddressesTrackingDataModel.xcdatamodel; sourceTree = "<group>"; };
		10ED216629F40A64008302EA /* TrackedAddressEntity+CoreDataClass.swift */ = {isa = PBXFileReference; lastKnownFileType = sourcecode.swift; path = "TrackedAddressEntity+CoreDataClass.swift"; sourceTree = "<group>"; };
		10ED216B29F40AFF008302EA /* CoreDataManager.swift */ = {isa = PBXFileReference; lastKnownFileType = sourcecode.swift; path = CoreDataManager.swift; sourceTree = "<group>"; };
/* End PBXFileReference section */

/* Begin PBXFrameworksBuildPhase section */
		1047F72B29F9897D00B46708 /* Frameworks */ = {
			isa = PBXFrameworksBuildPhase;
			buildActionMask = 2147483647;
			files = (
			);
			runOnlyForDeploymentPostprocessing = 0;
		};
		1047F73829F9899300B46708 /* Frameworks */ = {
			isa = PBXFrameworksBuildPhase;
			buildActionMask = 2147483647;
			files = (
			);
			runOnlyForDeploymentPostprocessing = 0;
		};
		10529ED529E87CC600E73212 /* Frameworks */ = {
			isa = PBXFrameworksBuildPhase;
			buildActionMask = 2147483647;
			files = (
			);
			runOnlyForDeploymentPostprocessing = 0;
		};
/* End PBXFrameworksBuildPhase section */

/* Begin PBXGroup section */
		1047F72F29F9897D00B46708 /* DogeExplorerAppUnitTests */ = {
			isa = PBXGroup;
			children = (
				1047F73029F9897D00B46708 /* DogeExplorerAppUnitTests.swift */,
				109CD0A829FAED8A005B7CC7 /* CoreDataManagerUnitTests.swift */,
			);
			path = DogeExplorerAppUnitTests;
			sourceTree = "<group>";
		};
		1047F75C29FAD85500B46708 /* Protocols */ = {
			isa = PBXGroup;
			children = (
				1047F75E29FAD85500B46708 /* MainPresenterProtocol.swift */,
				1047F75D29FAD85500B46708 /* MainViewProtocol.swift */,
			);
			path = Protocols;
			sourceTree = "<group>";
		};
		1047F76629FAD98400B46708 /* Protocols */ = {
			isa = PBXGroup;
			children = (
				1047F76729FAD99700B46708 /* AddressInfoPresenterProtocol.swift */,
				1047F76929FADA4E00B46708 /* AddressInfoViewProtocol.swift */,
			);
			path = Protocols;
			sourceTree = "<group>";
		};
		10529ECF29E87CC600E73212 = {
			isa = PBXGroup;
			children = (
				10529EDA29E87CC600E73212 /* DogeExplorerApp_iOS */,
				1047F72F29F9897D00B46708 /* DogeExplorerAppUnitTests */,
				10529ED929E87CC600E73212 /* Products */,
			);
			sourceTree = "<group>";
		};
		10529ED929E87CC600E73212 /* Products */ = {
			isa = PBXGroup;
			children = (
				10529ED829E87CC600E73212 /* DogeExplorerApp_iOS.app */,
				1047F72E29F9897D00B46708 /* DogeExplorerAppUnitTests.xctest */,
				1047F73B29F9899300B46708 /* DogeExplorerAppUITests.xctest */,
			);
			name = Products;
			sourceTree = "<group>";
		};
		10529EDA29E87CC600E73212 /* DogeExplorerApp_iOS */ = {
			isa = PBXGroup;
			children = (
				10529EF529E8A63B00E73212 /* App */,
				10529EF729E8A64700E73212 /* Services */,
				10529EF629E8A64100E73212 /* Modules */,
				10529EF829E8A65E00E73212 /* SupportingFiles */,
			);
			path = DogeExplorerApp_iOS;
			sourceTree = "<group>";
		};
		10529EF529E8A63B00E73212 /* App */ = {
			isa = PBXGroup;
			children = (
				10529EDB29E87CC600E73212 /* AppDelegate.swift */,
				10529EDD29E87CC600E73212 /* SceneDelegate.swift */,
				10A42D6B29E9B9E400BE04B9 /* ModuleBuilder.swift */,
			);
			path = App;
			sourceTree = "<group>";
		};
		10529EF629E8A64100E73212 /* Modules */ = {
			isa = PBXGroup;
			children = (
				10A42D5729E9B16100BE04B9 /* MainModule */,
				10A42D6329E9B2AB00BE04B9 /* AddressInfoModule */,
			);
			path = Modules;
			sourceTree = "<group>";
		};
		10529EF729E8A64700E73212 /* Services */ = {
			isa = PBXGroup;
			children = (
				10ED216A29F40AE9008302EA /* CoreData */,
				10A42D7729EB532A00BE04B9 /* NetworkManager.swift */,
				10BA60EB29EC63E5005FCE80 /* InternetConnectionObserver.swift */,
			);
			path = Services;
			sourceTree = "<group>";
		};
		10529EF829E8A65E00E73212 /* SupportingFiles */ = {
			isa = PBXGroup;
			children = (
				10A42D6A29E9B78900BE04B9 /* Extensions */,
				109FB83929EC270900D5929F /* Models */,
				10ED211129F31DF6008302EA /* CustomViews */,
				10A42D6829E9B76700BE04B9 /* R.swift */,
				10529EE429E87CC700E73212 /* Assets.xcassets */,
				10529EE629E87CC700E73212 /* LaunchScreen.storyboard */,
				10529EE929E87CC700E73212 /* Info.plist */,
				107C7CB32A13D04B004DFB06 /* DogeSansVF.ttf */,
			);
			path = SupportingFiles;
			sourceTree = "<group>";
		};
		109FB83929EC270900D5929F /* Models */ = {
			isa = PBXGroup;
			children = (
				10ED211229F33270008302EA /* BalanceModel.swift */,
				10ED211629F332B3008302EA /* TransactionsCountModel.swift */,
				10ED211829F332C1008302EA /* TransactionsPageModel.swift */,
				10ED211A29F332D5008302EA /* DetailedTransactionInfoModel.swift */,
			);
			path = Models;
			sourceTree = "<group>";
		};
		10A42D5729E9B16100BE04B9 /* MainModule */ = {
			isa = PBXGroup;
			children = (
				1047F75C29FAD85500B46708 /* Protocols */,
				10A42D5929E9B18C00BE04B9 /* MainPresenter.swift */,
				10A42D5B29E9B19F00BE04B9 /* MainViewController.swift */,
			);
			path = MainModule;
			sourceTree = "<group>";
		};
		10A42D6329E9B2AB00BE04B9 /* AddressInfoModule */ = {
			isa = PBXGroup;
			children = (
				1047F76629FAD98400B46708 /* Protocols */,
				10A42D6429E9B2D400BE04B9 /* AddressInfoPresenter.swift */,
				10A42D6629E9B2E800BE04B9 /* AddressInfoViewController.swift */,
			);
			path = AddressInfoModule;
			sourceTree = "<group>";
		};
		10A42D6A29E9B78900BE04B9 /* Extensions */ = {
			isa = PBXGroup;
			children = (
				10A42D7129EB1D5300BE04B9 /* String+Formatting.swift */,
				10BA60ED29EDF98E005FCE80 /* Int+UnixTime.swift */,
				107C7CB52A13D066004DFB06 /* UIFont+DogeSans.swift */,
				10BAD4112A14280700D4BAAF /* UIStackView+Separators.swift */,
				10CF630E2A16415E003C124E /* UIColor+RGB.swift */,
			);
			path = Extensions;
			sourceTree = "<group>";
		};
		10ED211129F31DF6008302EA /* CustomViews */ = {
			isa = PBXGroup;
			children = (
				107C7CB72A13D5BB004DFB06 /* TrackedAddressCell.swift */,
				108CA9F529F5CB86003582B6 /* TransactionCell.swift */,
				108CA9FB29F6B92B003582B6 /* AddressBaseInfoView.swift */,
				10ED20AC29F1DFFD008302EA /* LoadTransactionsButton.swift */,
				107C7CE32A13F81A004DFB06 /* TrackingStateButton.swift */,
				10CF63062A155F91003C124E /* ScrollableStackView.swift */,
				10CF630A2A156A67003C124E /* SelfSizedTableView.swift */,
				10CF630C2A163C24003C124E /* TitleView.swift */,
				10CF63102A166BCA003C124E /* NoTrackedAddressesView.swift */,
				10CF63152A17F97F003C124E /* LoaderSearchBar.swift */,
			);
			path = CustomViews;
			sourceTree = "<group>";
		};
		10ED216A29F40AE9008302EA /* CoreData */ = {
			isa = PBXGroup;
			children = (
				10ED216329F40A15008302EA /* AddressesTrackingDataModel.xcdatamodeld */,
				10ED216629F40A64008302EA /* TrackedAddressEntity+CoreDataClass.swift */,
				10ED216B29F40AFF008302EA /* CoreDataManager.swift */,
			);
			path = CoreData;
			sourceTree = "<group>";
		};
/* End PBXGroup section */

/* Begin PBXNativeTarget section */
		1047F72D29F9897D00B46708 /* DogeExplorerAppUnitTests */ = {
			isa = PBXNativeTarget;
			buildConfigurationList = 1047F73629F9897D00B46708 /* Build configuration list for PBXNativeTarget "DogeExplorerAppUnitTests" */;
			buildPhases = (
				1047F72A29F9897D00B46708 /* Sources */,
				1047F72B29F9897D00B46708 /* Frameworks */,
				1047F72C29F9897D00B46708 /* Resources */,
			);
			buildRules = (
			);
			dependencies = (
				1047F73329F9897D00B46708 /* PBXTargetDependency */,
			);
			name = DogeExplorerAppUnitTests;
			productName = DogeExplorerAppUnitTests;
			productReference = 1047F72E29F9897D00B46708 /* DogeExplorerAppUnitTests.xctest */;
			productType = "com.apple.product-type.bundle.unit-test";
		};
		1047F73A29F9899300B46708 /* DogeExplorerAppUITests */ = {
			isa = PBXNativeTarget;
			buildConfigurationList = 1047F74329F9899300B46708 /* Build configuration list for PBXNativeTarget "DogeExplorerAppUITests" */;
			buildPhases = (
				1047F73729F9899300B46708 /* Sources */,
				1047F73829F9899300B46708 /* Frameworks */,
				1047F73929F9899300B46708 /* Resources */,
			);
			buildRules = (
			);
			dependencies = (
				1047F74229F9899300B46708 /* PBXTargetDependency */,
			);
			name = DogeExplorerAppUITests;
			productName = DogeExplorerAppUITests;
			productReference = 1047F73B29F9899300B46708 /* DogeExplorerAppUITests.xctest */;
			productType = "com.apple.product-type.bundle.ui-testing";
		};
		10529ED729E87CC600E73212 /* DogeExplorerApp_iOS */ = {
			isa = PBXNativeTarget;
			buildConfigurationList = 10529EEC29E87CC700E73212 /* Build configuration list for PBXNativeTarget "DogeExplorerApp_iOS" */;
			buildPhases = (
				10529ED429E87CC600E73212 /* Sources */,
				10529ED529E87CC600E73212 /* Frameworks */,
				10529ED629E87CC600E73212 /* Resources */,
			);
			buildRules = (
			);
			dependencies = (
			);
			name = DogeExplorerApp_iOS;
			productName = DogeExplorerApp_iOS;
			productReference = 10529ED829E87CC600E73212 /* DogeExplorerApp_iOS.app */;
			productType = "com.apple.product-type.application";
		};
/* End PBXNativeTarget section */

/* Begin PBXProject section */
		10529ED029E87CC600E73212 /* Project object */ = {
			isa = PBXProject;
			attributes = {
				BuildIndependentTargetsInParallel = 1;
				LastSwiftUpdateCheck = 1430;
				LastUpgradeCheck = 1430;
				TargetAttributes = {
					1047F72D29F9897D00B46708 = {
						CreatedOnToolsVersion = 14.3;
						TestTargetID = 10529ED729E87CC600E73212;
					};
					1047F73A29F9899300B46708 = {
						CreatedOnToolsVersion = 14.3;
						TestTargetID = 10529ED729E87CC600E73212;
					};
					10529ED729E87CC600E73212 = {
						CreatedOnToolsVersion = 14.3;
					};
				};
			};
			buildConfigurationList = 10529ED329E87CC600E73212 /* Build configuration list for PBXProject "DogeExplorerApp_iOS" */;
			compatibilityVersion = "Xcode 14.0";
			developmentRegion = en;
			hasScannedForEncodings = 0;
			knownRegions = (
				en,
				Base,
			);
			mainGroup = 10529ECF29E87CC600E73212;
			productRefGroup = 10529ED929E87CC600E73212 /* Products */;
			projectDirPath = "";
			projectRoot = "";
			targets = (
				10529ED729E87CC600E73212 /* DogeExplorerApp_iOS */,
				1047F72D29F9897D00B46708 /* DogeExplorerAppUnitTests */,
				1047F73A29F9899300B46708 /* DogeExplorerAppUITests */,
			);
		};
/* End PBXProject section */

/* Begin PBXResourcesBuildPhase section */
		1047F72C29F9897D00B46708 /* Resources */ = {
			isa = PBXResourcesBuildPhase;
			buildActionMask = 2147483647;
			files = (
			);
			runOnlyForDeploymentPostprocessing = 0;
		};
		1047F73929F9899300B46708 /* Resources */ = {
			isa = PBXResourcesBuildPhase;
			buildActionMask = 2147483647;
			files = (
			);
			runOnlyForDeploymentPostprocessing = 0;
		};
		10529ED629E87CC600E73212 /* Resources */ = {
			isa = PBXResourcesBuildPhase;
			buildActionMask = 2147483647;
			files = (
				10529EE829E87CC700E73212 /* LaunchScreen.storyboard in Resources */,
				107C7CB42A13D04B004DFB06 /* DogeSansVF.ttf in Resources */,
				10529EE529E87CC700E73212 /* Assets.xcassets in Resources */,
			);
			runOnlyForDeploymentPostprocessing = 0;
		};
/* End PBXResourcesBuildPhase section */

/* Begin PBXSourcesBuildPhase section */
		1047F72A29F9897D00B46708 /* Sources */ = {
			isa = PBXSourcesBuildPhase;
			buildActionMask = 2147483647;
			files = (
				109CD0A929FAED8A005B7CC7 /* CoreDataManagerUnitTests.swift in Sources */,
				1047F73129F9897D00B46708 /* DogeExplorerAppUnitTests.swift in Sources */,
			);
			runOnlyForDeploymentPostprocessing = 0;
		};
		1047F73729F9899300B46708 /* Sources */ = {
			isa = PBXSourcesBuildPhase;
			buildActionMask = 2147483647;
			files = (
			);
			runOnlyForDeploymentPostprocessing = 0;
		};
		10529ED429E87CC600E73212 /* Sources */ = {
			isa = PBXSourcesBuildPhase;
			buildActionMask = 2147483647;
			files = (
				107C7CE42A13F81A004DFB06 /* TrackingStateButton.swift in Sources */,
				10529EDC29E87CC600E73212 /* AppDelegate.swift in Sources */,
				10A42D5A29E9B18C00BE04B9 /* MainPresenter.swift in Sources */,
				10A42D6529E9B2D400BE04B9 /* AddressInfoPresenter.swift in Sources */,
				10BAD4122A14280700D4BAAF /* UIStackView+Separators.swift in Sources */,
				1047F75F29FAD85500B46708 /* MainViewProtocol.swift in Sources */,
				10A42D6C29E9B9E400BE04B9 /* ModuleBuilder.swift in Sources */,
				1047F76829FAD99700B46708 /* AddressInfoPresenterProtocol.swift in Sources */,
				10CF630D2A163C24003C124E /* TitleView.swift in Sources */,
				10CF63072A155F91003C124E /* ScrollableStackView.swift in Sources */,
				10ED211329F33270008302EA /* BalanceModel.swift in Sources */,
				10ED211929F332C1008302EA /* TransactionsPageModel.swift in Sources */,
				10ED20AD29F1DFFD008302EA /* LoadTransactionsButton.swift in Sources */,
				1047F76029FAD85500B46708 /* MainPresenterProtocol.swift in Sources */,
				1047F76A29FADA4E00B46708 /* AddressInfoViewProtocol.swift in Sources */,
				10CF63112A166BCA003C124E /* NoTrackedAddressesView.swift in Sources */,
				107C7CB82A13D5BB004DFB06 /* TrackedAddressCell.swift in Sources */,
				108CA9F629F5CB86003582B6 /* TransactionCell.swift in Sources */,
				10A42D6929E9B76700BE04B9 /* R.swift in Sources */,
				10BA60EE29EDF98E005FCE80 /* Int+UnixTime.swift in Sources */,
				108CA9FC29F6B92B003582B6 /* AddressBaseInfoView.swift in Sources */,
				10BA60EC29EC63E5005FCE80 /* InternetConnectionObserver.swift in Sources */,
				10CF63162A17F97F003C124E /* LoaderSearchBar.swift in Sources */,
				10ED211B29F332D5008302EA /* DetailedTransactionInfoModel.swift in Sources */,
				10A42D6729E9B2E800BE04B9 /* AddressInfoViewController.swift in Sources */,
				10CF630F2A16415E003C124E /* UIColor+RGB.swift in Sources */,
				10ED216529F40A15008302EA /* AddressesTrackingDataModel.xcdatamodeld in Sources */,
				10A42D7229EB1D5300BE04B9 /* String+Formatting.swift in Sources */,
				10529EDE29E87CC600E73212 /* SceneDelegate.swift in Sources */,
				10A42D5C29E9B19F00BE04B9 /* MainViewController.swift in Sources */,
				10A42D7829EB532A00BE04B9 /* NetworkManager.swift in Sources */,
				10ED216829F40A64008302EA /* TrackedAddressEntity+CoreDataClass.swift in Sources */,
				10CF630B2A156A67003C124E /* SelfSizedTableView.swift in Sources */,
				107C7CB62A13D066004DFB06 /* UIFont+DogeSans.swift in Sources */,
				10ED211729F332B3008302EA /* TransactionsCountModel.swift in Sources */,
				10ED216C29F40AFF008302EA /* CoreDataManager.swift in Sources */,
			);
			runOnlyForDeploymentPostprocessing = 0;
		};
/* End PBXSourcesBuildPhase section */

/* Begin PBXTargetDependency section */
		1047F73329F9897D00B46708 /* PBXTargetDependency */ = {
			isa = PBXTargetDependency;
			target = 10529ED729E87CC600E73212 /* DogeExplorerApp_iOS */;
			targetProxy = 1047F73229F9897D00B46708 /* PBXContainerItemProxy */;
		};
		1047F74229F9899300B46708 /* PBXTargetDependency */ = {
			isa = PBXTargetDependency;
			target = 10529ED729E87CC600E73212 /* DogeExplorerApp_iOS */;
			targetProxy = 1047F74129F9899300B46708 /* PBXContainerItemProxy */;
		};
/* End PBXTargetDependency section */

/* Begin PBXVariantGroup section */
		10529EE629E87CC700E73212 /* LaunchScreen.storyboard */ = {
			isa = PBXVariantGroup;
			children = (
				10529EE729E87CC700E73212 /* Base */,
			);
			name = LaunchScreen.storyboard;
			sourceTree = "<group>";
		};
/* End PBXVariantGroup section */

/* Begin XCBuildConfiguration section */
		1047F73429F9897D00B46708 /* Debug */ = {
			isa = XCBuildConfiguration;
			buildSettings = {
				BUNDLE_LOADER = "$(TEST_HOST)";
				CODE_SIGN_STYLE = Automatic;
				CURRENT_PROJECT_VERSION = 1;
				DEVELOPMENT_TEAM = RYP579LK57;
				GENERATE_INFOPLIST_FILE = YES;
				MARKETING_VERSION = 1.0;
				PRODUCT_BUNDLE_IDENTIFIER = sjapi.DogeExplorerAppUnitTests;
				PRODUCT_NAME = "$(TARGET_NAME)";
				SWIFT_EMIT_LOC_STRINGS = NO;
				SWIFT_VERSION = 5.0;
				TARGETED_DEVICE_FAMILY = "1,2";
				TEST_HOST = "$(BUILT_PRODUCTS_DIR)/DogeExplorerApp_iOS.app/$(BUNDLE_EXECUTABLE_FOLDER_PATH)/DogeExplorerApp_iOS";
			};
			name = Debug;
		};
		1047F73529F9897D00B46708 /* Release */ = {
			isa = XCBuildConfiguration;
			buildSettings = {
				BUNDLE_LOADER = "$(TEST_HOST)";
				CODE_SIGN_STYLE = Automatic;
				CURRENT_PROJECT_VERSION = 1;
				DEVELOPMENT_TEAM = RYP579LK57;
				GENERATE_INFOPLIST_FILE = YES;
				MARKETING_VERSION = 1.0;
				PRODUCT_BUNDLE_IDENTIFIER = sjapi.DogeExplorerAppUnitTests;
				PRODUCT_NAME = "$(TARGET_NAME)";
				SWIFT_EMIT_LOC_STRINGS = NO;
				SWIFT_VERSION = 5.0;
				TARGETED_DEVICE_FAMILY = "1,2";
				TEST_HOST = "$(BUILT_PRODUCTS_DIR)/DogeExplorerApp_iOS.app/$(BUNDLE_EXECUTABLE_FOLDER_PATH)/DogeExplorerApp_iOS";
			};
			name = Release;
		};
		1047F74429F9899300B46708 /* Debug */ = {
			isa = XCBuildConfiguration;
			buildSettings = {
				CODE_SIGN_STYLE = Automatic;
				CURRENT_PROJECT_VERSION = 1;
				DEVELOPMENT_TEAM = RYP579LK57;
				GENERATE_INFOPLIST_FILE = YES;
				MARKETING_VERSION = 1.0;
				PRODUCT_BUNDLE_IDENTIFIER = sjapi.DogeExplorerAppUITests;
				PRODUCT_NAME = "$(TARGET_NAME)";
				SWIFT_EMIT_LOC_STRINGS = NO;
				SWIFT_VERSION = 5.0;
				TARGETED_DEVICE_FAMILY = "1,2";
				TEST_TARGET_NAME = DogeExplorerApp_iOS;
			};
			name = Debug;
		};
		1047F74529F9899300B46708 /* Release */ = {
			isa = XCBuildConfiguration;
			buildSettings = {
				CODE_SIGN_STYLE = Automatic;
				CURRENT_PROJECT_VERSION = 1;
				DEVELOPMENT_TEAM = RYP579LK57;
				GENERATE_INFOPLIST_FILE = YES;
				MARKETING_VERSION = 1.0;
				PRODUCT_BUNDLE_IDENTIFIER = sjapi.DogeExplorerAppUITests;
				PRODUCT_NAME = "$(TARGET_NAME)";
				SWIFT_EMIT_LOC_STRINGS = NO;
				SWIFT_VERSION = 5.0;
				TARGETED_DEVICE_FAMILY = "1,2";
				TEST_TARGET_NAME = DogeExplorerApp_iOS;
			};
			name = Release;
		};
		10529EEA29E87CC700E73212 /* Debug */ = {
			isa = XCBuildConfiguration;
			buildSettings = {
				ALWAYS_SEARCH_USER_PATHS = NO;
				CLANG_ANALYZER_LOCALIZABILITY_NONLOCALIZED = YES;
				CLANG_ANALYZER_NONNULL = YES;
				CLANG_ANALYZER_NUMBER_OBJECT_CONVERSION = YES_AGGRESSIVE;
				CLANG_CXX_LANGUAGE_STANDARD = "gnu++20";
				CLANG_ENABLE_MODULES = YES;
				CLANG_ENABLE_OBJC_ARC = YES;
				CLANG_ENABLE_OBJC_WEAK = YES;
				CLANG_WARN_BLOCK_CAPTURE_AUTORELEASING = YES;
				CLANG_WARN_BOOL_CONVERSION = YES;
				CLANG_WARN_COMMA = YES;
				CLANG_WARN_CONSTANT_CONVERSION = YES;
				CLANG_WARN_DEPRECATED_OBJC_IMPLEMENTATIONS = YES;
				CLANG_WARN_DIRECT_OBJC_ISA_USAGE = YES_ERROR;
				CLANG_WARN_DOCUMENTATION_COMMENTS = YES;
				CLANG_WARN_EMPTY_BODY = YES;
				CLANG_WARN_ENUM_CONVERSION = YES;
				CLANG_WARN_INFINITE_RECURSION = YES;
				CLANG_WARN_INT_CONVERSION = YES;
				CLANG_WARN_NON_LITERAL_NULL_CONVERSION = YES;
				CLANG_WARN_OBJC_IMPLICIT_RETAIN_SELF = YES;
				CLANG_WARN_OBJC_LITERAL_CONVERSION = YES;
				CLANG_WARN_OBJC_ROOT_CLASS = YES_ERROR;
				CLANG_WARN_QUOTED_INCLUDE_IN_FRAMEWORK_HEADER = YES;
				CLANG_WARN_RANGE_LOOP_ANALYSIS = YES;
				CLANG_WARN_STRICT_PROTOTYPES = YES;
				CLANG_WARN_SUSPICIOUS_MOVE = YES;
				CLANG_WARN_UNGUARDED_AVAILABILITY = YES_AGGRESSIVE;
				CLANG_WARN_UNREACHABLE_CODE = YES;
				CLANG_WARN__DUPLICATE_METHOD_MATCH = YES;
				COPY_PHASE_STRIP = NO;
				DEBUG_INFORMATION_FORMAT = dwarf;
				ENABLE_STRICT_OBJC_MSGSEND = YES;
				ENABLE_TESTABILITY = YES;
				GCC_C_LANGUAGE_STANDARD = gnu11;
				GCC_DYNAMIC_NO_PIC = NO;
				GCC_NO_COMMON_BLOCKS = YES;
				GCC_OPTIMIZATION_LEVEL = 0;
				GCC_PREPROCESSOR_DEFINITIONS = (
					"DEBUG=1",
					"$(inherited)",
				);
				GCC_WARN_64_TO_32_BIT_CONVERSION = YES;
				GCC_WARN_ABOUT_RETURN_TYPE = YES_ERROR;
				GCC_WARN_UNDECLARED_SELECTOR = YES;
				GCC_WARN_UNINITIALIZED_AUTOS = YES_AGGRESSIVE;
				GCC_WARN_UNUSED_FUNCTION = YES;
				GCC_WARN_UNUSED_VARIABLE = YES;
				IPHONEOS_DEPLOYMENT_TARGET = 16.4;
				MTL_ENABLE_DEBUG_INFO = INCLUDE_SOURCE;
				MTL_FAST_MATH = YES;
				ONLY_ACTIVE_ARCH = YES;
				SDKROOT = iphoneos;
				SWIFT_ACTIVE_COMPILATION_CONDITIONS = DEBUG;
				SWIFT_OPTIMIZATION_LEVEL = "-Onone";
			};
			name = Debug;
		};
		10529EEB29E87CC700E73212 /* Release */ = {
			isa = XCBuildConfiguration;
			buildSettings = {
				ALWAYS_SEARCH_USER_PATHS = NO;
				CLANG_ANALYZER_LOCALIZABILITY_NONLOCALIZED = YES;
				CLANG_ANALYZER_NONNULL = YES;
				CLANG_ANALYZER_NUMBER_OBJECT_CONVERSION = YES_AGGRESSIVE;
				CLANG_CXX_LANGUAGE_STANDARD = "gnu++20";
				CLANG_ENABLE_MODULES = YES;
				CLANG_ENABLE_OBJC_ARC = YES;
				CLANG_ENABLE_OBJC_WEAK = YES;
				CLANG_WARN_BLOCK_CAPTURE_AUTORELEASING = YES;
				CLANG_WARN_BOOL_CONVERSION = YES;
				CLANG_WARN_COMMA = YES;
				CLANG_WARN_CONSTANT_CONVERSION = YES;
				CLANG_WARN_DEPRECATED_OBJC_IMPLEMENTATIONS = YES;
				CLANG_WARN_DIRECT_OBJC_ISA_USAGE = YES_ERROR;
				CLANG_WARN_DOCUMENTATION_COMMENTS = YES;
				CLANG_WARN_EMPTY_BODY = YES;
				CLANG_WARN_ENUM_CONVERSION = YES;
				CLANG_WARN_INFINITE_RECURSION = YES;
				CLANG_WARN_INT_CONVERSION = YES;
				CLANG_WARN_NON_LITERAL_NULL_CONVERSION = YES;
				CLANG_WARN_OBJC_IMPLICIT_RETAIN_SELF = YES;
				CLANG_WARN_OBJC_LITERAL_CONVERSION = YES;
				CLANG_WARN_OBJC_ROOT_CLASS = YES_ERROR;
				CLANG_WARN_QUOTED_INCLUDE_IN_FRAMEWORK_HEADER = YES;
				CLANG_WARN_RANGE_LOOP_ANALYSIS = YES;
				CLANG_WARN_STRICT_PROTOTYPES = YES;
				CLANG_WARN_SUSPICIOUS_MOVE = YES;
				CLANG_WARN_UNGUARDED_AVAILABILITY = YES_AGGRESSIVE;
				CLANG_WARN_UNREACHABLE_CODE = YES;
				CLANG_WARN__DUPLICATE_METHOD_MATCH = YES;
				COPY_PHASE_STRIP = NO;
				DEBUG_INFORMATION_FORMAT = "dwarf-with-dsym";
				ENABLE_NS_ASSERTIONS = NO;
				ENABLE_STRICT_OBJC_MSGSEND = YES;
				GCC_C_LANGUAGE_STANDARD = gnu11;
				GCC_NO_COMMON_BLOCKS = YES;
				GCC_WARN_64_TO_32_BIT_CONVERSION = YES;
				GCC_WARN_ABOUT_RETURN_TYPE = YES_ERROR;
				GCC_WARN_UNDECLARED_SELECTOR = YES;
				GCC_WARN_UNINITIALIZED_AUTOS = YES_AGGRESSIVE;
				GCC_WARN_UNUSED_FUNCTION = YES;
				GCC_WARN_UNUSED_VARIABLE = YES;
				IPHONEOS_DEPLOYMENT_TARGET = 16.4;
				MTL_ENABLE_DEBUG_INFO = NO;
				MTL_FAST_MATH = YES;
				SDKROOT = iphoneos;
				SWIFT_COMPILATION_MODE = wholemodule;
				SWIFT_OPTIMIZATION_LEVEL = "-O";
				VALIDATE_PRODUCT = YES;
			};
			name = Release;
		};
		10529EED29E87CC700E73212 /* Debug */ = {
			isa = XCBuildConfiguration;
			buildSettings = {
				ASSETCATALOG_COMPILER_APPICON_NAME = AppIcon;
				ASSETCATALOG_COMPILER_GLOBAL_ACCENT_COLOR_NAME = AccentColor;
				CODE_SIGN_IDENTITY = "Apple Development";
				CODE_SIGN_STYLE = Automatic;
				CURRENT_PROJECT_VERSION = 1;
				DEVELOPMENT_TEAM = RYP579LK57;
				GENERATE_INFOPLIST_FILE = YES;
				INFOPLIST_FILE = DogeExplorerApp_iOS/SupportingFiles/Info.plist;
				INFOPLIST_KEY_CFBundleDisplayName = DogeExplorer;
				INFOPLIST_KEY_UIApplicationSupportsIndirectInputEvents = YES;
				INFOPLIST_KEY_UILaunchStoryboardName = LaunchScreen;
				INFOPLIST_KEY_UISupportedInterfaceOrientations = UIInterfaceOrientationPortrait;
				INFOPLIST_KEY_UISupportedInterfaceOrientations_iPad = "UIInterfaceOrientationLandscapeLeft UIInterfaceOrientationLandscapeRight UIInterfaceOrientationPortrait UIInterfaceOrientationPortraitUpsideDown";
				IPHONEOS_DEPLOYMENT_TARGET = 15;
				LD_RUNPATH_SEARCH_PATHS = (
					"$(inherited)",
					"@executable_path/Frameworks",
				);
				MARKETING_VERSION = 1.0;
				PRODUCT_BUNDLE_IDENTIFIER = "sjapi.DogeExplorerApp-iOS";
				PRODUCT_NAME = "$(TARGET_NAME)";
				PROVISIONING_PROFILE_SPECIFIER = "";
				SUPPORTED_PLATFORMS = "iphoneos iphonesimulator";
				SUPPORTS_MACCATALYST = NO;
				SUPPORTS_MAC_DESIGNED_FOR_IPHONE_IPAD = NO;
				SWIFT_EMIT_LOC_STRINGS = YES;
				SWIFT_VERSION = 5.0;
				TARGETED_DEVICE_FAMILY = 1;
			};
			name = Debug;
		};
		10529EEE29E87CC700E73212 /* Release */ = {
			isa = XCBuildConfiguration;
			buildSettings = {
				ASSETCATALOG_COMPILER_APPICON_NAME = AppIcon;
				ASSETCATALOG_COMPILER_GLOBAL_ACCENT_COLOR_NAME = AccentColor;
				CODE_SIGN_IDENTITY = "Apple Development";
				CODE_SIGN_STYLE = Automatic;
				CURRENT_PROJECT_VERSION = 1;
				DEVELOPMENT_TEAM = RYP579LK57;
				GENERATE_INFOPLIST_FILE = YES;
				INFOPLIST_FILE = DogeExplorerApp_iOS/SupportingFiles/Info.plist;
				INFOPLIST_KEY_CFBundleDisplayName = DogeExplorer;
				INFOPLIST_KEY_UIApplicationSupportsIndirectInputEvents = YES;
				INFOPLIST_KEY_UILaunchStoryboardName = LaunchScreen;
				INFOPLIST_KEY_UISupportedInterfaceOrientations = UIInterfaceOrientationPortrait;
				INFOPLIST_KEY_UISupportedInterfaceOrientations_iPad = "UIInterfaceOrientationLandscapeLeft UIInterfaceOrientationLandscapeRight UIInterfaceOrientationPortrait UIInterfaceOrientationPortraitUpsideDown";
				IPHONEOS_DEPLOYMENT_TARGET = 15;
				LD_RUNPATH_SEARCH_PATHS = (
					"$(inherited)",
					"@executable_path/Frameworks",
				);
				MARKETING_VERSION = 1.0;
				PRODUCT_BUNDLE_IDENTIFIER = "sjapi.DogeExplorerApp-iOS";
				PRODUCT_NAME = "$(TARGET_NAME)";
				PROVISIONING_PROFILE_SPECIFIER = "";
				SUPPORTED_PLATFORMS = "iphoneos iphonesimulator";
				SUPPORTS_MACCATALYST = NO;
				SUPPORTS_MAC_DESIGNED_FOR_IPHONE_IPAD = NO;
				SWIFT_EMIT_LOC_STRINGS = YES;
				SWIFT_VERSION = 5.0;
				TARGETED_DEVICE_FAMILY = 1;
			};
			name = Release;
		};
/* End XCBuildConfiguration section */

/* Begin XCConfigurationList section */
		1047F73629F9897D00B46708 /* Build configuration list for PBXNativeTarget "DogeExplorerAppUnitTests" */ = {
			isa = XCConfigurationList;
			buildConfigurations = (
				1047F73429F9897D00B46708 /* Debug */,
				1047F73529F9897D00B46708 /* Release */,
			);
			defaultConfigurationIsVisible = 0;
			defaultConfigurationName = Release;
		};
		1047F74329F9899300B46708 /* Build configuration list for PBXNativeTarget "DogeExplorerAppUITests" */ = {
			isa = XCConfigurationList;
			buildConfigurations = (
				1047F74429F9899300B46708 /* Debug */,
				1047F74529F9899300B46708 /* Release */,
			);
			defaultConfigurationIsVisible = 0;
			defaultConfigurationName = Release;
		};
		10529ED329E87CC600E73212 /* Build configuration list for PBXProject "DogeExplorerApp_iOS" */ = {
			isa = XCConfigurationList;
			buildConfigurations = (
				10529EEA29E87CC700E73212 /* Debug */,
				10529EEB29E87CC700E73212 /* Release */,
			);
			defaultConfigurationIsVisible = 0;
			defaultConfigurationName = Release;
		};
		10529EEC29E87CC700E73212 /* Build configuration list for PBXNativeTarget "DogeExplorerApp_iOS" */ = {
			isa = XCConfigurationList;
			buildConfigurations = (
				10529EED29E87CC700E73212 /* Debug */,
				10529EEE29E87CC700E73212 /* Release */,
			);
			defaultConfigurationIsVisible = 0;
			defaultConfigurationName = Release;
		};
/* End XCConfigurationList section */

/* Begin XCVersionGroup section */
		10ED216329F40A15008302EA /* AddressesTrackingDataModel.xcdatamodeld */ = {
			isa = XCVersionGroup;
			children = (
				10ED216429F40A15008302EA /* AddressesTrackingDataModel.xcdatamodel */,
			);
			currentVersion = 10ED216429F40A15008302EA /* AddressesTrackingDataModel.xcdatamodel */;
			path = AddressesTrackingDataModel.xcdatamodeld;
			sourceTree = "<group>";
			versionGroupType = wrapper.xcdatamodel;
		};
/* End XCVersionGroup section */
	};
	rootObject = 10529ED029E87CC600E73212 /* Project object */;
}
